
Microsoft Visual Studio Solution File, Format Version 12.00
# Visual Studio Version 17
VisualStudioVersion = 17.9.34902.65
MinimumVisualStudioVersion = 10.0.40219.1
Project("{2150E333-8FDC-42A3-9474-1A3956D46DE8}") = "Chapter2", "Chapter2", "{3C4E2EFD-E66C-444B-B895-6BCE3F516C22}"
EndProject
Project("{778DAE3C-4631-46EA-AA77-85C1314464D9}") = "C2Excercise1", "C1Excercise1\C2Excercise1.vbproj", "{ED35AD12-125C-498F-AA92-67A29BA5166B}"
EndProject
Project("{778DAE3C-4631-46EA-AA77-85C1314464D9}") = "C2Excercise2", "C2Excercise2\C2Excercise2.vbproj", "{2043230F-D4E4-4DF7-8782-04E89401ABAA}"
EndProject
Project("{778DAE3C-4631-46EA-AA77-85C1314464D9}") = "C2Excercise3", "C2Excercise3\C2Excercise3.vbproj", "{12D24B5B-44C5-41D4-847C-4FB10827EC2E}"
EndProject
Project("{2150E333-8FDC-42A3-9474-1A3956D46DE8}") = "Chapter3", "Chapter3", "{1BB3A481-B50B-484C-B81B-85354087BE55}"
EndProject
Project("{778DAE3C-4631-46EA-AA77-85C1314464D9}") = "C3Excercise1", "C3Excercise1\C3Excercise1.vbproj", "{DA68412A-E568-43F1-B992-5E1059D81EB9}"
EndProject
Project("{778DAE3C-4631-46EA-AA77-85C1314464D9}") = "C3Excercise2", "C3Excercise2\C3Excercise2.vbproj", "{494F1DA7-2E73-4604-A1B1-FE86DE5CDCA4}"
EndProject
Project("{778DAE3C-4631-46EA-AA77-85C1314464D9}") = "C3Excercise3", "C3Excercise3\C3Excercise3.vbproj", "{25EE3142-6E9C-4EDB-9C0E-AE89974EC95E}"
EndProject
Project("{778DAE3C-4631-46EA-AA77-85C1314464D9}") = "C3Excercise4", "C3Excercise4\C3Excercise4.vbproj", "{782DE7F4-D8B8-453B-B1E3-90DE1D3349BF}"
EndProject
Project("{778DAE3C-4631-46EA-AA77-85C1314464D9}") = "C3Excercise5", "C3Excercise5\C3Excercise5.vbproj", "{B00308AB-156E-4217-BFA5-31C53994B6EA}"
EndProject
Project("{778DAE3C-4631-46EA-AA77-85C1314464D9}") = "C3Excercise6", "C3Excercise6\C3Excercise6.vbproj", "{DFF9DEB7-C7BA-45CE-B6AE-4299D179AB6A}"
EndProject
Project("{2150E333-8FDC-42A3-9474-1A3956D46DE8}") = "Chapter4", "Chapter4", "{CA954EE7-5C4E-4FB2-A5B5-55B58438F5B3}"
EndProject
Project("{778DAE3C-4631-46EA-AA77-85C1314464D9}") = "C4Excercise1", "C4Excercise1\C4Excercise1.vbproj", "{3F7C3AFC-EE68-4BB6-B9EC-D6A39BBFD780}"
EndProject
Project("{778DAE3C-4631-46EA-AA77-85C1314464D9}") = "C4Excercise2", "C4Excercise2\C4Excercise2.vbproj", "{E1BFD681-B805-4F64-97D4-A0F71E573251}"
EndProject
Project("{778DAE3C-4631-46EA-AA77-85C1314464D9}") = "C4Excercise3", "C4Excercise3\C4Excercise3.vbproj", "{6C57628E-8841-4C4D-8505-0D8E2B5084B2}"
EndProject
Project("{778DAE3C-4631-46EA-AA77-85C1314464D9}") = "C4Excercise4", "C4Excercise4\C4Excercise4.vbproj", "{056959BD-5487-432C-A7EC-AE6904A5DF84}"
EndProject
Project("{778DAE3C-4631-46EA-AA77-85C1314464D9}") = "C4Excercise5", "C4Excercise5\C4Excercise5.vbproj", "{936963B0-A12B-4083-A98D-E561F1D63762}"
EndProject
Project("{778DAE3C-4631-46EA-AA77-85C1314464D9}") = "C4Excercise6", "C4Excercise6\C4Excercise6.vbproj", "{5A917D41-1E2B-4FA9-B702-3D6AB8D2D159}"
EndProject
Project("{778DAE3C-4631-46EA-AA77-85C1314464D9}") = "C4Excercise7", "C4Excercise7\C4Excercise7.vbproj", "{8E942BCD-1243-465A-B3C0-47367A037B38}"
EndProject
Project("{778DAE3C-4631-46EA-AA77-85C1314464D9}") = "C4Excercise8", "C4Excercise8\C4Excercise8.vbproj", "{1CC8EFC1-155A-4082-8DD3-05E64A4396CA}"
EndProject
Project("{778DAE3C-4631-46EA-AA77-85C1314464D9}") = "C4Excercise9", "C4Excercise9\C4Excercise9.vbproj", "{1FF4BC59-1BEA-4B94-B6D9-F81627B4FE3A}"
EndProject
Project("{778DAE3C-4631-46EA-AA77-85C1314464D9}") = "C4Excercise10", "C4Excercise10\C4Excercise10.vbproj", "{97E95859-A863-40F5-836F-B4BF752DA25D}"
EndProject
Project("{778DAE3C-4631-46EA-AA77-85C1314464D9}") = "C4Excercise11", "C4Excercise11\C4Excercise11.vbproj", "{787B8D1C-2A66-4E6A-BBE4-D04D5A2B5609}"
EndProject
Project("{778DAE3C-4631-46EA-AA77-85C1314464D9}") = "C4Excercise12", "C4Excercise12\C4Excercise12.vbproj", "{55089E07-7419-467F-B6AC-ACEC0C277370}"
EndProject
Project("{2150E333-8FDC-42A3-9474-1A3956D46DE8}") = "Chapter5", "Chapter5", "{579F4955-93F7-44EB-988A-1D43D2E57DF0}"
EndProject
Project("{778DAE3C-4631-46EA-AA77-85C1314464D9}") = "C5Excercise2", "C5Excercise2\C5Excercise2.vbproj", "{26F2147D-A5D2-47C6-9E24-A4EDD2ED30D4}"
EndProject
Project("{778DAE3C-4631-46EA-AA77-85C1314464D9}") = "C5Excercise3", "C5Excercise3\C5Excercise3.vbproj", "{3373951F-7B1D-4B62-A068-B764050FA9A0}"
EndProject
Project("{778DAE3C-4631-46EA-AA77-85C1314464D9}") = "C5Excercise4", "C5Excercise4\C5Excercise4.vbproj", "{602D01B8-BFA8-4F33-ABF7-86F1E75C8D0C}"
EndProject
Project("{778DAE3C-4631-46EA-AA77-85C1314464D9}") = "C5Excercise5", "C5Excercise5\C5Excercise5.vbproj", "{DC0F1445-DE21-496A-8644-5CEA94F125DF}"
EndProject
Project("{778DAE3C-4631-46EA-AA77-85C1314464D9}") = "C5Excercise6", "C5Excercise6\C5Excercise6.vbproj", "{489D834E-C0F0-44CE-A686-37A575C20BAB}"
EndProject
Project("{778DAE3C-4631-46EA-AA77-85C1314464D9}") = "C5Excercise7", "C5Excercise7\C5Excercise7.vbproj", "{AC0A5ED3-1DED-46D8-9048-9EE7A034A0F8}"
EndProject
Project("{778DAE3C-4631-46EA-AA77-85C1314464D9}") = "C5Excercise8", "C5Excercise8\C5Excercise8.vbproj", "{43AB2970-1F52-481C-905B-DBEFB260593C}"
EndProject
Project("{778DAE3C-4631-46EA-AA77-85C1314464D9}") = "C5Excercise9", "C5Excercise9\C5Excercise9.vbproj", "{0DF887E6-1278-4975-8511-70E01A6D4B73}"
EndProject
Project("{778DAE3C-4631-46EA-AA77-85C1314464D9}") = "C5Excercise10", "C5Excercise10\C5Excercise10.vbproj", "{BA4DD31D-AE18-4088-8A81-462DD68086BB}"
EndProject
Project("{778DAE3C-4631-46EA-AA77-85C1314464D9}") = "C5Excercise11", "C5Excercise11\C5Excercise11.vbproj", "{DB66CD4D-649D-4B7B-A4D4-55B836F0C92C}"
EndProject
Project("{778DAE3C-4631-46EA-AA77-85C1314464D9}") = "C5Excercise12", "C5Excercise12\C5Excercise12.vbproj", "{7116D812-ACBA-4B47-8972-10EBDC4D8359}"
EndProject
Project("{778DAE3C-4631-46EA-AA77-85C1314464D9}") = "C5Excercise13", "C5Excercise13\C5Excercise13.vbproj", "{F29806F1-67FF-487C-ABD0-ABAF52C38797}"
EndProject
Project("{778DAE3C-4631-46EA-AA77-85C1314464D9}") = "C5Excercise14", "C5Excercise14\C5Excercise14.vbproj", "{86229471-DF1B-456E-AF01-582D2BBD7296}"
EndProject
Project("{778DAE3C-4631-46EA-AA77-85C1314464D9}") = "C5Excercise15", "C5Excercise15\C5Excercise15.vbproj", "{43223715-8007-4988-8A5F-9AE8C1D42DF8}"
EndProject
Project("{2150E333-8FDC-42A3-9474-1A3956D46DE8}") = "Chapter6", "Chapter6", "{99A3C21C-AE6F-4FF8-88E6-6AF3554C5F0D}"
EndProject
Project("{778DAE3C-4631-46EA-AA77-85C1314464D9}") = "C6Excercise1", "C6Excercise1\C6Excercise1.vbproj", "{7E2DDFD3-73E0-4394-9BDC-61AF1E6F2F9B}"
EndProject
Project("{778DAE3C-4631-46EA-AA77-85C1314464D9}") = "C6Excercise2", "C6Excercise2\C6Excercise2.vbproj", "{C2FEF990-D9C6-4E5C-BA20-44AD7088418A}"
EndProject
Project("{778DAE3C-4631-46EA-AA77-85C1314464D9}") = "C6Excercise3", "C6Excercise3\C6Excercise3.vbproj", "{81B37240-7DC8-44E3-9E1B-F20BAF6D471C}"
EndProject
Project("{778DAE3C-4631-46EA-AA77-85C1314464D9}") = "C6Excercise5", "C6Excercise5\C6Excercise5.vbproj", "{4900BB55-2957-4E3D-B689-DBD6B3D47747}"
EndProject
Project("{2150E333-8FDC-42A3-9474-1A3956D46DE8}") = "Chapter7", "Chapter7", "{6E3FCA59-A6B6-431A-A40A-9D228BBCE674}"
EndProject
Project("{778DAE3C-4631-46EA-AA77-85C1314464D9}") = "C7Excercise1", "C7Excercise1\C7Excercise1.vbproj", "{81ED2BB8-91BD-4ECC-8C31-20DB3B3070E9}"
EndProject
Project("{778DAE3C-4631-46EA-AA77-85C1314464D9}") = "C7Excercise2", "C7Excercise2\C7Excercise2.vbproj", "{2A787993-5F12-4E83-BB22-3B24797BA6BA}"
EndProject
Project("{778DAE3C-4631-46EA-AA77-85C1314464D9}") = "C7Excercise3", "C7Excercise3\C7Excercise3.vbproj", "{D13C6A6F-2E76-4A02-A291-97021E693204}"
EndProject
Project("{778DAE3C-4631-46EA-AA77-85C1314464D9}") = "C7Excercise4", "C7Excercise4\C7Excercise4.vbproj", "{215F2410-05EF-4D59-BAF8-D684B20D6EF5}"
EndProject
Project("{778DAE3C-4631-46EA-AA77-85C1314464D9}") = "C7Excercise5", "C7Excercise5\C7Excercise5.vbproj", "{CD5910D0-31C2-4A55-8CB8-E168AA9D2F1F}"
EndProject
Project("{778DAE3C-4631-46EA-AA77-85C1314464D9}") = "C7Excercise6", "C7Excercise6\C7Excercise6.vbproj", "{71D1D1DB-3AB7-4660-B69A-9B6907298A4D}"
EndProject
Project("{778DAE3C-4631-46EA-AA77-85C1314464D9}") = "C7Excercise7", "C7Excercise7\C7Excercise7.vbproj", "{51E0A70B-914C-43C5-B3F7-81F58CFDA906}"
EndProject
Project("{778DAE3C-4631-46EA-AA77-85C1314464D9}") = "C7Excercise8", "C7Excercise8\C7Excercise8.vbproj", "{451B40A3-342A-4519-8945-3DC87F905A88}"
EndProject
Project("{778DAE3C-4631-46EA-AA77-85C1314464D9}") = "C7Excercise9", "C7Excercise9\C7Excercise9.vbproj", "{DD150FF4-2501-41F0-979D-EFC2B2AA7DB0}"
EndProject
Project("{778DAE3C-4631-46EA-AA77-85C1314464D9}") = "C7Excercise10", "C7Excercise10\C7Excercise10.vbproj", "{33430575-869C-4186-8F41-8987B1D0CC2B}"
EndProject
Project("{778DAE3C-4631-46EA-AA77-85C1314464D9}") = "C7Excercise11", "C7Excercise11\C7Excercise11.vbproj", "{91676B36-B698-494B-BFDA-7A11E33E9D6D}"
EndProject
Project("{2150E333-8FDC-42A3-9474-1A3956D46DE8}") = "Chapter8", "Chapter8", "{7635F593-BC46-4F74-98C0-2B680988E6CC}"
EndProject
Project("{778DAE3C-4631-46EA-AA77-85C1314464D9}") = "C7Excercise12", "C7Excercise12\C7Excercise12.vbproj", "{477ED17B-3779-4C73-963E-4C0D0A368725}"
EndProject
Project("{778DAE3C-4631-46EA-AA77-85C1314464D9}") = "C8Excercise1", "C8Excercise1\C8Excercise1.vbproj", "{EAC65DE4-CA5F-4515-B26F-4C9D6FA1007E}"
EndProject
Project("{2150E333-8FDC-42A3-9474-1A3956D46DE8}") = "Chapter9", "Chapter9", "{7B511FB5-3FCE-43BB-B4C6-FB56C078CD00}"
EndProject
Project("{778DAE3C-4631-46EA-AA77-85C1314464D9}") = "C9Excercise1", "C9Excercise1\C9Excercise1.vbproj", "{B0067E82-5765-4933-B3B6-180C7A1CD4F6}"
EndProject
Project("{F184B08F-C81C-45F6-A57F-5ABD9991F28F}") = "C9Excercise2", "C9Excercise2\C9Excercise2.vbproj", "{09B2F68A-75BA-4D8B-BBC9-41CF6BFA5DE5}"
EndProject
Project("{F184B08F-C81C-45F6-A57F-5ABD9991F28F}") = "C9Excercise3", "C9Excercise3\C9Excercise3.vbproj", "{4F1D3306-4890-43EA-A943-4DDDF0F81A7B}"
EndProject
Project("{F184B08F-C81C-45F6-A57F-5ABD9991F28F}") = "C9Excercise5", "C9Excercise5\C9Excercise5.vbproj", "{9C778200-F617-4150-80B4-965FAD7C1B1A}"
EndProject
Project("{F184B08F-C81C-45F6-A57F-5ABD9991F28F}") = "C9Excercise6", "C9Excercise6\C9Excercise6.vbproj", "{B4674B01-A2A8-4F63-8D29-97D69B014AB3}"
EndProject
Project("{F184B08F-C81C-45F6-A57F-5ABD9991F28F}") = "C9Excercise7", "C9Excercise7\C9Excercise7.vbproj", "{6D8D956E-8B0B-4A6E-BB5F-991D0808365D}"
EndProject
Project("{2150E333-8FDC-42A3-9474-1A3956D46DE8}") = "Chapter 10", "Chapter 10", "{83E2A36A-094B-4893-82D7-A7701D8833E0}"
EndProject
Project("{F184B08F-C81C-45F6-A57F-5ABD9991F28F}") = "C10Excercise1", "C10Excercise1\C10Excercise1.vbproj", "{778EF54C-FE88-4FDB-946A-A76E935BA9F1}"
EndProject
Project("{F184B08F-C81C-45F6-A57F-5ABD9991F28F}") = "C10Excercise2", "C10Excercise2\C10Excercise2.vbproj", "{0FF90A8D-799D-4A0F-B526-49B366F40857}"
EndProject
Project("{F184B08F-C81C-45F6-A57F-5ABD9991F28F}") = "C10Excercise3", "C10Excercise3\C10Excercise3.vbproj", "{8F5D0C14-5406-4809-BF19-2DEADF9D35EC}"
EndProject
Project("{2150E333-8FDC-42A3-9474-1A3956D46DE8}") = "Challenges", "Challenges", "{EBBE6ED2-1F28-48C7-AC13-8B5CF80513C4}"
EndProject
Global
	GlobalSection(SolutionConfigurationPlatforms) = preSolution
		Debug|Any CPU = Debug|Any CPU
		Release|Any CPU = Release|Any CPU
	EndGlobalSection
	GlobalSection(ProjectConfigurationPlatforms) = postSolution
		{ED35AD12-125C-498F-AA92-67A29BA5166B}.Debug|Any CPU.ActiveCfg = Debug|Any CPU
		{ED35AD12-125C-498F-AA92-67A29BA5166B}.Debug|Any CPU.Build.0 = Debug|Any CPU
		{ED35AD12-125C-498F-AA92-67A29BA5166B}.Release|Any CPU.ActiveCfg = Release|Any CPU
		{ED35AD12-125C-498F-AA92-67A29BA5166B}.Release|Any CPU.Build.0 = Release|Any CPU
		{2043230F-D4E4-4DF7-8782-04E89401ABAA}.Debug|Any CPU.ActiveCfg = Debug|Any CPU
		{2043230F-D4E4-4DF7-8782-04E89401ABAA}.Debug|Any CPU.Build.0 = Debug|Any CPU
		{2043230F-D4E4-4DF7-8782-04E89401ABAA}.Release|Any CPU.ActiveCfg = Release|Any CPU
		{2043230F-D4E4-4DF7-8782-04E89401ABAA}.Release|Any CPU.Build.0 = Release|Any CPU
		{12D24B5B-44C5-41D4-847C-4FB10827EC2E}.Debug|Any CPU.ActiveCfg = Debug|Any CPU
		{12D24B5B-44C5-41D4-847C-4FB10827EC2E}.Debug|Any CPU.Build.0 = Debug|Any CPU
		{12D24B5B-44C5-41D4-847C-4FB10827EC2E}.Release|Any CPU.ActiveCfg = Release|Any CPU
		{12D24B5B-44C5-41D4-847C-4FB10827EC2E}.Release|Any CPU.Build.0 = Release|Any CPU
		{DA68412A-E568-43F1-B992-5E1059D81EB9}.Debug|Any CPU.ActiveCfg = Debug|Any CPU
		{DA68412A-E568-43F1-B992-5E1059D81EB9}.Debug|Any CPU.Build.0 = Debug|Any CPU
		{DA68412A-E568-43F1-B992-5E1059D81EB9}.Release|Any CPU.ActiveCfg = Release|Any CPU
		{DA68412A-E568-43F1-B992-5E1059D81EB9}.Release|Any CPU.Build.0 = Release|Any CPU
		{494F1DA7-2E73-4604-A1B1-FE86DE5CDCA4}.Debug|Any CPU.ActiveCfg = Debug|Any CPU
		{494F1DA7-2E73-4604-A1B1-FE86DE5CDCA4}.Debug|Any CPU.Build.0 = Debug|Any CPU
		{494F1DA7-2E73-4604-A1B1-FE86DE5CDCA4}.Release|Any CPU.ActiveCfg = Release|Any CPU
		{494F1DA7-2E73-4604-A1B1-FE86DE5CDCA4}.Release|Any CPU.Build.0 = Release|Any CPU
		{25EE3142-6E9C-4EDB-9C0E-AE89974EC95E}.Debug|Any CPU.ActiveCfg = Debug|Any CPU
		{25EE3142-6E9C-4EDB-9C0E-AE89974EC95E}.Debug|Any CPU.Build.0 = Debug|Any CPU
		{25EE3142-6E9C-4EDB-9C0E-AE89974EC95E}.Release|Any CPU.ActiveCfg = Release|Any CPU
		{25EE3142-6E9C-4EDB-9C0E-AE89974EC95E}.Release|Any CPU.Build.0 = Release|Any CPU
		{782DE7F4-D8B8-453B-B1E3-90DE1D3349BF}.Debug|Any CPU.ActiveCfg = Debug|Any CPU
		{782DE7F4-D8B8-453B-B1E3-90DE1D3349BF}.Debug|Any CPU.Build.0 = Debug|Any CPU
		{782DE7F4-D8B8-453B-B1E3-90DE1D3349BF}.Release|Any CPU.ActiveCfg = Release|Any CPU
		{782DE7F4-D8B8-453B-B1E3-90DE1D3349BF}.Release|Any CPU.Build.0 = Release|Any CPU
		{B00308AB-156E-4217-BFA5-31C53994B6EA}.Debug|Any CPU.ActiveCfg = Debug|Any CPU
		{B00308AB-156E-4217-BFA5-31C53994B6EA}.Debug|Any CPU.Build.0 = Debug|Any CPU
		{B00308AB-156E-4217-BFA5-31C53994B6EA}.Release|Any CPU.ActiveCfg = Release|Any CPU
		{B00308AB-156E-4217-BFA5-31C53994B6EA}.Release|Any CPU.Build.0 = Release|Any CPU
		{DFF9DEB7-C7BA-45CE-B6AE-4299D179AB6A}.Debug|Any CPU.ActiveCfg = Debug|Any CPU
		{DFF9DEB7-C7BA-45CE-B6AE-4299D179AB6A}.Debug|Any CPU.Build.0 = Debug|Any CPU
		{DFF9DEB7-C7BA-45CE-B6AE-4299D179AB6A}.Release|Any CPU.ActiveCfg = Release|Any CPU
		{DFF9DEB7-C7BA-45CE-B6AE-4299D179AB6A}.Release|Any CPU.Build.0 = Release|Any CPU
		{3F7C3AFC-EE68-4BB6-B9EC-D6A39BBFD780}.Debug|Any CPU.ActiveCfg = Debug|Any CPU
		{3F7C3AFC-EE68-4BB6-B9EC-D6A39BBFD780}.Debug|Any CPU.Build.0 = Debug|Any CPU
		{3F7C3AFC-EE68-4BB6-B9EC-D6A39BBFD780}.Release|Any CPU.ActiveCfg = Release|Any CPU
		{3F7C3AFC-EE68-4BB6-B9EC-D6A39BBFD780}.Release|Any CPU.Build.0 = Release|Any CPU
		{E1BFD681-B805-4F64-97D4-A0F71E573251}.Debug|Any CPU.ActiveCfg = Debug|Any CPU
		{E1BFD681-B805-4F64-97D4-A0F71E573251}.Debug|Any CPU.Build.0 = Debug|Any CPU
		{E1BFD681-B805-4F64-97D4-A0F71E573251}.Release|Any CPU.ActiveCfg = Release|Any CPU
		{E1BFD681-B805-4F64-97D4-A0F71E573251}.Release|Any CPU.Build.0 = Release|Any CPU
		{6C57628E-8841-4C4D-8505-0D8E2B5084B2}.Debug|Any CPU.ActiveCfg = Debug|Any CPU
		{6C57628E-8841-4C4D-8505-0D8E2B5084B2}.Debug|Any CPU.Build.0 = Debug|Any CPU
		{6C57628E-8841-4C4D-8505-0D8E2B5084B2}.Release|Any CPU.ActiveCfg = Release|Any CPU
		{6C57628E-8841-4C4D-8505-0D8E2B5084B2}.Release|Any CPU.Build.0 = Release|Any CPU
		{056959BD-5487-432C-A7EC-AE6904A5DF84}.Debug|Any CPU.ActiveCfg = Debug|Any CPU
		{056959BD-5487-432C-A7EC-AE6904A5DF84}.Debug|Any CPU.Build.0 = Debug|Any CPU
		{056959BD-5487-432C-A7EC-AE6904A5DF84}.Release|Any CPU.ActiveCfg = Release|Any CPU
		{056959BD-5487-432C-A7EC-AE6904A5DF84}.Release|Any CPU.Build.0 = Release|Any CPU
		{936963B0-A12B-4083-A98D-E561F1D63762}.Debug|Any CPU.ActiveCfg = Debug|Any CPU
		{936963B0-A12B-4083-A98D-E561F1D63762}.Debug|Any CPU.Build.0 = Debug|Any CPU
		{936963B0-A12B-4083-A98D-E561F1D63762}.Release|Any CPU.ActiveCfg = Release|Any CPU
		{936963B0-A12B-4083-A98D-E561F1D63762}.Release|Any CPU.Build.0 = Release|Any CPU
		{5A917D41-1E2B-4FA9-B702-3D6AB8D2D159}.Debug|Any CPU.ActiveCfg = Debug|Any CPU
		{5A917D41-1E2B-4FA9-B702-3D6AB8D2D159}.Debug|Any CPU.Build.0 = Debug|Any CPU
		{5A917D41-1E2B-4FA9-B702-3D6AB8D2D159}.Release|Any CPU.ActiveCfg = Release|Any CPU
		{5A917D41-1E2B-4FA9-B702-3D6AB8D2D159}.Release|Any CPU.Build.0 = Release|Any CPU
		{8E942BCD-1243-465A-B3C0-47367A037B38}.Debug|Any CPU.ActiveCfg = Debug|Any CPU
		{8E942BCD-1243-465A-B3C0-47367A037B38}.Debug|Any CPU.Build.0 = Debug|Any CPU
		{8E942BCD-1243-465A-B3C0-47367A037B38}.Release|Any CPU.ActiveCfg = Release|Any CPU
		{8E942BCD-1243-465A-B3C0-47367A037B38}.Release|Any CPU.Build.0 = Release|Any CPU
		{1CC8EFC1-155A-4082-8DD3-05E64A4396CA}.Debug|Any CPU.ActiveCfg = Debug|Any CPU
		{1CC8EFC1-155A-4082-8DD3-05E64A4396CA}.Debug|Any CPU.Build.0 = Debug|Any CPU
		{1CC8EFC1-155A-4082-8DD3-05E64A4396CA}.Release|Any CPU.ActiveCfg = Release|Any CPU
		{1CC8EFC1-155A-4082-8DD3-05E64A4396CA}.Release|Any CPU.Build.0 = Release|Any CPU
		{1FF4BC59-1BEA-4B94-B6D9-F81627B4FE3A}.Debug|Any CPU.ActiveCfg = Debug|Any CPU
		{1FF4BC59-1BEA-4B94-B6D9-F81627B4FE3A}.Debug|Any CPU.Build.0 = Debug|Any CPU
		{1FF4BC59-1BEA-4B94-B6D9-F81627B4FE3A}.Release|Any CPU.ActiveCfg = Release|Any CPU
		{1FF4BC59-1BEA-4B94-B6D9-F81627B4FE3A}.Release|Any CPU.Build.0 = Release|Any CPU
		{97E95859-A863-40F5-836F-B4BF752DA25D}.Debug|Any CPU.ActiveCfg = Debug|Any CPU
		{97E95859-A863-40F5-836F-B4BF752DA25D}.Debug|Any CPU.Build.0 = Debug|Any CPU
		{97E95859-A863-40F5-836F-B4BF752DA25D}.Release|Any CPU.ActiveCfg = Release|Any CPU
		{97E95859-A863-40F5-836F-B4BF752DA25D}.Release|Any CPU.Build.0 = Release|Any CPU
		{787B8D1C-2A66-4E6A-BBE4-D04D5A2B5609}.Debug|Any CPU.ActiveCfg = Debug|Any CPU
		{787B8D1C-2A66-4E6A-BBE4-D04D5A2B5609}.Debug|Any CPU.Build.0 = Debug|Any CPU
		{787B8D1C-2A66-4E6A-BBE4-D04D5A2B5609}.Release|Any CPU.ActiveCfg = Release|Any CPU
		{787B8D1C-2A66-4E6A-BBE4-D04D5A2B5609}.Release|Any CPU.Build.0 = Release|Any CPU
		{55089E07-7419-467F-B6AC-ACEC0C277370}.Debug|Any CPU.ActiveCfg = Debug|Any CPU
		{55089E07-7419-467F-B6AC-ACEC0C277370}.Debug|Any CPU.Build.0 = Debug|Any CPU
		{55089E07-7419-467F-B6AC-ACEC0C277370}.Release|Any CPU.ActiveCfg = Release|Any CPU
		{55089E07-7419-467F-B6AC-ACEC0C277370}.Release|Any CPU.Build.0 = Release|Any CPU
		{26F2147D-A5D2-47C6-9E24-A4EDD2ED30D4}.Debug|Any CPU.ActiveCfg = Debug|Any CPU
		{26F2147D-A5D2-47C6-9E24-A4EDD2ED30D4}.Debug|Any CPU.Build.0 = Debug|Any CPU
		{26F2147D-A5D2-47C6-9E24-A4EDD2ED30D4}.Release|Any CPU.ActiveCfg = Release|Any CPU
		{26F2147D-A5D2-47C6-9E24-A4EDD2ED30D4}.Release|Any CPU.Build.0 = Release|Any CPU
		{3373951F-7B1D-4B62-A068-B764050FA9A0}.Debug|Any CPU.ActiveCfg = Debug|Any CPU
		{3373951F-7B1D-4B62-A068-B764050FA9A0}.Debug|Any CPU.Build.0 = Debug|Any CPU
		{3373951F-7B1D-4B62-A068-B764050FA9A0}.Release|Any CPU.ActiveCfg = Release|Any CPU
		{3373951F-7B1D-4B62-A068-B764050FA9A0}.Release|Any CPU.Build.0 = Release|Any CPU
		{602D01B8-BFA8-4F33-ABF7-86F1E75C8D0C}.Debug|Any CPU.ActiveCfg = Debug|Any CPU
		{602D01B8-BFA8-4F33-ABF7-86F1E75C8D0C}.Debug|Any CPU.Build.0 = Debug|Any CPU
		{602D01B8-BFA8-4F33-ABF7-86F1E75C8D0C}.Release|Any CPU.ActiveCfg = Release|Any CPU
		{602D01B8-BFA8-4F33-ABF7-86F1E75C8D0C}.Release|Any CPU.Build.0 = Release|Any CPU
		{DC0F1445-DE21-496A-8644-5CEA94F125DF}.Debug|Any CPU.ActiveCfg = Debug|Any CPU
		{DC0F1445-DE21-496A-8644-5CEA94F125DF}.Debug|Any CPU.Build.0 = Debug|Any CPU
		{DC0F1445-DE21-496A-8644-5CEA94F125DF}.Release|Any CPU.ActiveCfg = Release|Any CPU
		{DC0F1445-DE21-496A-8644-5CEA94F125DF}.Release|Any CPU.Build.0 = Release|Any CPU
		{489D834E-C0F0-44CE-A686-37A575C20BAB}.Debug|Any CPU.ActiveCfg = Debug|Any CPU
		{489D834E-C0F0-44CE-A686-37A575C20BAB}.Debug|Any CPU.Build.0 = Debug|Any CPU
		{489D834E-C0F0-44CE-A686-37A575C20BAB}.Release|Any CPU.ActiveCfg = Release|Any CPU
		{489D834E-C0F0-44CE-A686-37A575C20BAB}.Release|Any CPU.Build.0 = Release|Any CPU
		{AC0A5ED3-1DED-46D8-9048-9EE7A034A0F8}.Debug|Any CPU.ActiveCfg = Debug|Any CPU
		{AC0A5ED3-1DED-46D8-9048-9EE7A034A0F8}.Debug|Any CPU.Build.0 = Debug|Any CPU
		{AC0A5ED3-1DED-46D8-9048-9EE7A034A0F8}.Release|Any CPU.ActiveCfg = Release|Any CPU
		{AC0A5ED3-1DED-46D8-9048-9EE7A034A0F8}.Release|Any CPU.Build.0 = Release|Any CPU
		{43AB2970-1F52-481C-905B-DBEFB260593C}.Debug|Any CPU.ActiveCfg = Debug|Any CPU
		{43AB2970-1F52-481C-905B-DBEFB260593C}.Debug|Any CPU.Build.0 = Debug|Any CPU
		{43AB2970-1F52-481C-905B-DBEFB260593C}.Release|Any CPU.ActiveCfg = Release|Any CPU
		{43AB2970-1F52-481C-905B-DBEFB260593C}.Release|Any CPU.Build.0 = Release|Any CPU
		{0DF887E6-1278-4975-8511-70E01A6D4B73}.Debug|Any CPU.ActiveCfg = Debug|Any CPU
		{0DF887E6-1278-4975-8511-70E01A6D4B73}.Debug|Any CPU.Build.0 = Debug|Any CPU
		{0DF887E6-1278-4975-8511-70E01A6D4B73}.Release|Any CPU.ActiveCfg = Release|Any CPU
		{0DF887E6-1278-4975-8511-70E01A6D4B73}.Release|Any CPU.Build.0 = Release|Any CPU
		{BA4DD31D-AE18-4088-8A81-462DD68086BB}.Debug|Any CPU.ActiveCfg = Debug|Any CPU
		{BA4DD31D-AE18-4088-8A81-462DD68086BB}.Debug|Any CPU.Build.0 = Debug|Any CPU
		{BA4DD31D-AE18-4088-8A81-462DD68086BB}.Release|Any CPU.ActiveCfg = Release|Any CPU
		{BA4DD31D-AE18-4088-8A81-462DD68086BB}.Release|Any CPU.Build.0 = Release|Any CPU
		{DB66CD4D-649D-4B7B-A4D4-55B836F0C92C}.Debug|Any CPU.ActiveCfg = Debug|Any CPU
		{DB66CD4D-649D-4B7B-A4D4-55B836F0C92C}.Debug|Any CPU.Build.0 = Debug|Any CPU
		{DB66CD4D-649D-4B7B-A4D4-55B836F0C92C}.Release|Any CPU.ActiveCfg = Release|Any CPU
		{DB66CD4D-649D-4B7B-A4D4-55B836F0C92C}.Release|Any CPU.Build.0 = Release|Any CPU
		{7116D812-ACBA-4B47-8972-10EBDC4D8359}.Debug|Any CPU.ActiveCfg = Debug|Any CPU
		{7116D812-ACBA-4B47-8972-10EBDC4D8359}.Debug|Any CPU.Build.0 = Debug|Any CPU
		{7116D812-ACBA-4B47-8972-10EBDC4D8359}.Release|Any CPU.ActiveCfg = Release|Any CPU
		{7116D812-ACBA-4B47-8972-10EBDC4D8359}.Release|Any CPU.Build.0 = Release|Any CPU
		{F29806F1-67FF-487C-ABD0-ABAF52C38797}.Debug|Any CPU.ActiveCfg = Debug|Any CPU
		{F29806F1-67FF-487C-ABD0-ABAF52C38797}.Debug|Any CPU.Build.0 = Debug|Any CPU
		{F29806F1-67FF-487C-ABD0-ABAF52C38797}.Release|Any CPU.ActiveCfg = Release|Any CPU
		{F29806F1-67FF-487C-ABD0-ABAF52C38797}.Release|Any CPU.Build.0 = Release|Any CPU
		{86229471-DF1B-456E-AF01-582D2BBD7296}.Debug|Any CPU.ActiveCfg = Debug|Any CPU
		{86229471-DF1B-456E-AF01-582D2BBD7296}.Debug|Any CPU.Build.0 = Debug|Any CPU
		{86229471-DF1B-456E-AF01-582D2BBD7296}.Release|Any CPU.ActiveCfg = Release|Any CPU
		{86229471-DF1B-456E-AF01-582D2BBD7296}.Release|Any CPU.Build.0 = Release|Any CPU
		{43223715-8007-4988-8A5F-9AE8C1D42DF8}.Debug|Any CPU.ActiveCfg = Debug|Any CPU
		{43223715-8007-4988-8A5F-9AE8C1D42DF8}.Debug|Any CPU.Build.0 = Debug|Any CPU
		{43223715-8007-4988-8A5F-9AE8C1D42DF8}.Release|Any CPU.ActiveCfg = Release|Any CPU
		{43223715-8007-4988-8A5F-9AE8C1D42DF8}.Release|Any CPU.Build.0 = Release|Any CPU
		{7E2DDFD3-73E0-4394-9BDC-61AF1E6F2F9B}.Debug|Any CPU.ActiveCfg = Debug|Any CPU
		{7E2DDFD3-73E0-4394-9BDC-61AF1E6F2F9B}.Debug|Any CPU.Build.0 = Debug|Any CPU
		{7E2DDFD3-73E0-4394-9BDC-61AF1E6F2F9B}.Release|Any CPU.ActiveCfg = Release|Any CPU
		{7E2DDFD3-73E0-4394-9BDC-61AF1E6F2F9B}.Release|Any CPU.Build.0 = Release|Any CPU
		{C2FEF990-D9C6-4E5C-BA20-44AD7088418A}.Debug|Any CPU.ActiveCfg = Debug|Any CPU
		{C2FEF990-D9C6-4E5C-BA20-44AD7088418A}.Debug|Any CPU.Build.0 = Debug|Any CPU
		{C2FEF990-D9C6-4E5C-BA20-44AD7088418A}.Release|Any CPU.ActiveCfg = Release|Any CPU
		{C2FEF990-D9C6-4E5C-BA20-44AD7088418A}.Release|Any CPU.Build.0 = Release|Any CPU
		{81B37240-7DC8-44E3-9E1B-F20BAF6D471C}.Debug|Any CPU.ActiveCfg = Debug|Any CPU
		{81B37240-7DC8-44E3-9E1B-F20BAF6D471C}.Debug|Any CPU.Build.0 = Debug|Any CPU
		{81B37240-7DC8-44E3-9E1B-F20BAF6D471C}.Release|Any CPU.ActiveCfg = Release|Any CPU
		{81B37240-7DC8-44E3-9E1B-F20BAF6D471C}.Release|Any CPU.Build.0 = Release|Any CPU
		{4900BB55-2957-4E3D-B689-DBD6B3D47747}.Debug|Any CPU.ActiveCfg = Debug|Any CPU
		{4900BB55-2957-4E3D-B689-DBD6B3D47747}.Debug|Any CPU.Build.0 = Debug|Any CPU
		{4900BB55-2957-4E3D-B689-DBD6B3D47747}.Release|Any CPU.ActiveCfg = Release|Any CPU
		{4900BB55-2957-4E3D-B689-DBD6B3D47747}.Release|Any CPU.Build.0 = Release|Any CPU
		{81ED2BB8-91BD-4ECC-8C31-20DB3B3070E9}.Debug|Any CPU.ActiveCfg = Debug|Any CPU
		{81ED2BB8-91BD-4ECC-8C31-20DB3B3070E9}.Debug|Any CPU.Build.0 = Debug|Any CPU
		{81ED2BB8-91BD-4ECC-8C31-20DB3B3070E9}.Release|Any CPU.ActiveCfg = Release|Any CPU
		{81ED2BB8-91BD-4ECC-8C31-20DB3B3070E9}.Release|Any CPU.Build.0 = Release|Any CPU
		{2A787993-5F12-4E83-BB22-3B24797BA6BA}.Debug|Any CPU.ActiveCfg = Debug|Any CPU
		{2A787993-5F12-4E83-BB22-3B24797BA6BA}.Debug|Any CPU.Build.0 = Debug|Any CPU
		{2A787993-5F12-4E83-BB22-3B24797BA6BA}.Release|Any CPU.ActiveCfg = Release|Any CPU
		{2A787993-5F12-4E83-BB22-3B24797BA6BA}.Release|Any CPU.Build.0 = Release|Any CPU
		{D13C6A6F-2E76-4A02-A291-97021E693204}.Debug|Any CPU.ActiveCfg = Debug|Any CPU
		{D13C6A6F-2E76-4A02-A291-97021E693204}.Debug|Any CPU.Build.0 = Debug|Any CPU
		{D13C6A6F-2E76-4A02-A291-97021E693204}.Release|Any CPU.ActiveCfg = Release|Any CPU
		{D13C6A6F-2E76-4A02-A291-97021E693204}.Release|Any CPU.Build.0 = Release|Any CPU
		{215F2410-05EF-4D59-BAF8-D684B20D6EF5}.Debug|Any CPU.ActiveCfg = Debug|Any CPU
		{215F2410-05EF-4D59-BAF8-D684B20D6EF5}.Debug|Any CPU.Build.0 = Debug|Any CPU
		{215F2410-05EF-4D59-BAF8-D684B20D6EF5}.Release|Any CPU.ActiveCfg = Release|Any CPU
		{215F2410-05EF-4D59-BAF8-D684B20D6EF5}.Release|Any CPU.Build.0 = Release|Any CPU
		{CD5910D0-31C2-4A55-8CB8-E168AA9D2F1F}.Debug|Any CPU.ActiveCfg = Debug|Any CPU
		{CD5910D0-31C2-4A55-8CB8-E168AA9D2F1F}.Debug|Any CPU.Build.0 = Debug|Any CPU
		{CD5910D0-31C2-4A55-8CB8-E168AA9D2F1F}.Release|Any CPU.ActiveCfg = Release|Any CPU
		{CD5910D0-31C2-4A55-8CB8-E168AA9D2F1F}.Release|Any CPU.Build.0 = Release|Any CPU
		{71D1D1DB-3AB7-4660-B69A-9B6907298A4D}.Debug|Any CPU.ActiveCfg = Debug|Any CPU
		{71D1D1DB-3AB7-4660-B69A-9B6907298A4D}.Debug|Any CPU.Build.0 = Debug|Any CPU
		{71D1D1DB-3AB7-4660-B69A-9B6907298A4D}.Release|Any CPU.ActiveCfg = Release|Any CPU
		{71D1D1DB-3AB7-4660-B69A-9B6907298A4D}.Release|Any CPU.Build.0 = Release|Any CPU
		{51E0A70B-914C-43C5-B3F7-81F58CFDA906}.Debug|Any CPU.ActiveCfg = Debug|Any CPU
		{51E0A70B-914C-43C5-B3F7-81F58CFDA906}.Debug|Any CPU.Build.0 = Debug|Any CPU
		{51E0A70B-914C-43C5-B3F7-81F58CFDA906}.Release|Any CPU.ActiveCfg = Release|Any CPU
		{51E0A70B-914C-43C5-B3F7-81F58CFDA906}.Release|Any CPU.Build.0 = Release|Any CPU
		{451B40A3-342A-4519-8945-3DC87F905A88}.Debug|Any CPU.ActiveCfg = Debug|Any CPU
		{451B40A3-342A-4519-8945-3DC87F905A88}.Debug|Any CPU.Build.0 = Debug|Any CPU
		{451B40A3-342A-4519-8945-3DC87F905A88}.Release|Any CPU.ActiveCfg = Release|Any CPU
		{451B40A3-342A-4519-8945-3DC87F905A88}.Release|Any CPU.Build.0 = Release|Any CPU
		{DD150FF4-2501-41F0-979D-EFC2B2AA7DB0}.Debug|Any CPU.ActiveCfg = Debug|Any CPU
		{DD150FF4-2501-41F0-979D-EFC2B2AA7DB0}.Debug|Any CPU.Build.0 = Debug|Any CPU
		{DD150FF4-2501-41F0-979D-EFC2B2AA7DB0}.Release|Any CPU.ActiveCfg = Release|Any CPU
		{DD150FF4-2501-41F0-979D-EFC2B2AA7DB0}.Release|Any CPU.Build.0 = Release|Any CPU
		{33430575-869C-4186-8F41-8987B1D0CC2B}.Debug|Any CPU.ActiveCfg = Debug|Any CPU
		{33430575-869C-4186-8F41-8987B1D0CC2B}.Debug|Any CPU.Build.0 = Debug|Any CPU
		{33430575-869C-4186-8F41-8987B1D0CC2B}.Release|Any CPU.ActiveCfg = Release|Any CPU
		{33430575-869C-4186-8F41-8987B1D0CC2B}.Release|Any CPU.Build.0 = Release|Any CPU
		{91676B36-B698-494B-BFDA-7A11E33E9D6D}.Debug|Any CPU.ActiveCfg = Debug|Any CPU
		{91676B36-B698-494B-BFDA-7A11E33E9D6D}.Debug|Any CPU.Build.0 = Debug|Any CPU
		{91676B36-B698-494B-BFDA-7A11E33E9D6D}.Release|Any CPU.ActiveCfg = Release|Any CPU
		{91676B36-B698-494B-BFDA-7A11E33E9D6D}.Release|Any CPU.Build.0 = Release|Any CPU
		{477ED17B-3779-4C73-963E-4C0D0A368725}.Debug|Any CPU.ActiveCfg = Debug|Any CPU
		{477ED17B-3779-4C73-963E-4C0D0A368725}.Debug|Any CPU.Build.0 = Debug|Any CPU
		{477ED17B-3779-4C73-963E-4C0D0A368725}.Release|Any CPU.ActiveCfg = Release|Any CPU
		{477ED17B-3779-4C73-963E-4C0D0A368725}.Release|Any CPU.Build.0 = Release|Any CPU
		{EAC65DE4-CA5F-4515-B26F-4C9D6FA1007E}.Debug|Any CPU.ActiveCfg = Debug|Any CPU
		{EAC65DE4-CA5F-4515-B26F-4C9D6FA1007E}.Debug|Any CPU.Build.0 = Debug|Any CPU
		{EAC65DE4-CA5F-4515-B26F-4C9D6FA1007E}.Release|Any CPU.ActiveCfg = Release|Any CPU
		{EAC65DE4-CA5F-4515-B26F-4C9D6FA1007E}.Release|Any CPU.Build.0 = Release|Any CPU
		{B0067E82-5765-4933-B3B6-180C7A1CD4F6}.Debug|Any CPU.ActiveCfg = Debug|Any CPU
		{B0067E82-5765-4933-B3B6-180C7A1CD4F6}.Debug|Any CPU.Build.0 = Debug|Any CPU
		{B0067E82-5765-4933-B3B6-180C7A1CD4F6}.Release|Any CPU.ActiveCfg = Release|Any CPU
		{B0067E82-5765-4933-B3B6-180C7A1CD4F6}.Release|Any CPU.Build.0 = Release|Any CPU
		{09B2F68A-75BA-4D8B-BBC9-41CF6BFA5DE5}.Debug|Any CPU.ActiveCfg = Debug|Any CPU
		{09B2F68A-75BA-4D8B-BBC9-41CF6BFA5DE5}.Debug|Any CPU.Build.0 = Debug|Any CPU
		{09B2F68A-75BA-4D8B-BBC9-41CF6BFA5DE5}.Release|Any CPU.ActiveCfg = Release|Any CPU
		{09B2F68A-75BA-4D8B-BBC9-41CF6BFA5DE5}.Release|Any CPU.Build.0 = Release|Any CPU
		{4F1D3306-4890-43EA-A943-4DDDF0F81A7B}.Debug|Any CPU.ActiveCfg = Debug|Any CPU
		{4F1D3306-4890-43EA-A943-4DDDF0F81A7B}.Debug|Any CPU.Build.0 = Debug|Any CPU
		{4F1D3306-4890-43EA-A943-4DDDF0F81A7B}.Release|Any CPU.ActiveCfg = Release|Any CPU
		{4F1D3306-4890-43EA-A943-4DDDF0F81A7B}.Release|Any CPU.Build.0 = Release|Any CPU
		{9C778200-F617-4150-80B4-965FAD7C1B1A}.Debug|Any CPU.ActiveCfg = Debug|Any CPU
		{9C778200-F617-4150-80B4-965FAD7C1B1A}.Debug|Any CPU.Build.0 = Debug|Any CPU
		{9C778200-F617-4150-80B4-965FAD7C1B1A}.Release|Any CPU.ActiveCfg = Release|Any CPU
		{9C778200-F617-4150-80B4-965FAD7C1B1A}.Release|Any CPU.Build.0 = Release|Any CPU
		{B4674B01-A2A8-4F63-8D29-97D69B014AB3}.Debug|Any CPU.ActiveCfg = Debug|Any CPU
		{B4674B01-A2A8-4F63-8D29-97D69B014AB3}.Debug|Any CPU.Build.0 = Debug|Any CPU
		{B4674B01-A2A8-4F63-8D29-97D69B014AB3}.Release|Any CPU.ActiveCfg = Release|Any CPU
		{B4674B01-A2A8-4F63-8D29-97D69B014AB3}.Release|Any CPU.Build.0 = Release|Any CPU
		{6D8D956E-8B0B-4A6E-BB5F-991D0808365D}.Debug|Any CPU.ActiveCfg = Debug|Any CPU
		{6D8D956E-8B0B-4A6E-BB5F-991D0808365D}.Debug|Any CPU.Build.0 = Debug|Any CPU
		{6D8D956E-8B0B-4A6E-BB5F-991D0808365D}.Release|Any CPU.ActiveCfg = Release|Any CPU
		{6D8D956E-8B0B-4A6E-BB5F-991D0808365D}.Release|Any CPU.Build.0 = Release|Any CPU
		{778EF54C-FE88-4FDB-946A-A76E935BA9F1}.Debug|Any CPU.ActiveCfg = Debug|Any CPU
		{778EF54C-FE88-4FDB-946A-A76E935BA9F1}.Debug|Any CPU.Build.0 = Debug|Any CPU
		{778EF54C-FE88-4FDB-946A-A76E935BA9F1}.Release|Any CPU.ActiveCfg = Release|Any CPU
		{778EF54C-FE88-4FDB-946A-A76E935BA9F1}.Release|Any CPU.Build.0 = Release|Any CPU
		{0FF90A8D-799D-4A0F-B526-49B366F40857}.Debug|Any CPU.ActiveCfg = Debug|Any CPU
		{0FF90A8D-799D-4A0F-B526-49B366F40857}.Debug|Any CPU.Build.0 = Debug|Any CPU
		{0FF90A8D-799D-4A0F-B526-49B366F40857}.Release|Any CPU.ActiveCfg = Release|Any CPU
		{0FF90A8D-799D-4A0F-B526-49B366F40857}.Release|Any CPU.Build.0 = Release|Any CPU
		{8F5D0C14-5406-4809-BF19-2DEADF9D35EC}.Debug|Any CPU.ActiveCfg = Debug|Any CPU
		{8F5D0C14-5406-4809-BF19-2DEADF9D35EC}.Debug|Any CPU.Build.0 = Debug|Any CPU
		{8F5D0C14-5406-4809-BF19-2DEADF9D35EC}.Release|Any CPU.ActiveCfg = Release|Any CPU
		{8F5D0C14-5406-4809-BF19-2DEADF9D35EC}.Release|Any CPU.Build.0 = Release|Any CPU
	EndGlobalSection
	GlobalSection(SolutionProperties) = preSolution
		HideSolutionNode = FALSE
	EndGlobalSection
	GlobalSection(NestedProjects) = preSolution
		{ED35AD12-125C-498F-AA92-67A29BA5166B} = {3C4E2EFD-E66C-444B-B895-6BCE3F516C22}
		{2043230F-D4E4-4DF7-8782-04E89401ABAA} = {3C4E2EFD-E66C-444B-B895-6BCE3F516C22}
		{12D24B5B-44C5-41D4-847C-4FB10827EC2E} = {3C4E2EFD-E66C-444B-B895-6BCE3F516C22}
		{DA68412A-E568-43F1-B992-5E1059D81EB9} = {1BB3A481-B50B-484C-B81B-85354087BE55}
		{494F1DA7-2E73-4604-A1B1-FE86DE5CDCA4} = {1BB3A481-B50B-484C-B81B-85354087BE55}
		{25EE3142-6E9C-4EDB-9C0E-AE89974EC95E} = {1BB3A481-B50B-484C-B81B-85354087BE55}
		{782DE7F4-D8B8-453B-B1E3-90DE1D3349BF} = {1BB3A481-B50B-484C-B81B-85354087BE55}
		{B00308AB-156E-4217-BFA5-31C53994B6EA} = {1BB3A481-B50B-484C-B81B-85354087BE55}
		{DFF9DEB7-C7BA-45CE-B6AE-4299D179AB6A} = {1BB3A481-B50B-484C-B81B-85354087BE55}
		{3F7C3AFC-EE68-4BB6-B9EC-D6A39BBFD780} = {CA954EE7-5C4E-4FB2-A5B5-55B58438F5B3}
		{E1BFD681-B805-4F64-97D4-A0F71E573251} = {CA954EE7-5C4E-4FB2-A5B5-55B58438F5B3}
		{6C57628E-8841-4C4D-8505-0D8E2B5084B2} = {CA954EE7-5C4E-4FB2-A5B5-55B58438F5B3}
		{056959BD-5487-432C-A7EC-AE6904A5DF84} = {CA954EE7-5C4E-4FB2-A5B5-55B58438F5B3}
		{936963B0-A12B-4083-A98D-E561F1D63762} = {CA954EE7-5C4E-4FB2-A5B5-55B58438F5B3}
		{5A917D41-1E2B-4FA9-B702-3D6AB8D2D159} = {CA954EE7-5C4E-4FB2-A5B5-55B58438F5B3}
		{8E942BCD-1243-465A-B3C0-47367A037B38} = {CA954EE7-5C4E-4FB2-A5B5-55B58438F5B3}
		{1CC8EFC1-155A-4082-8DD3-05E64A4396CA} = {CA954EE7-5C4E-4FB2-A5B5-55B58438F5B3}
		{1FF4BC59-1BEA-4B94-B6D9-F81627B4FE3A} = {CA954EE7-5C4E-4FB2-A5B5-55B58438F5B3}
		{97E95859-A863-40F5-836F-B4BF752DA25D} = {CA954EE7-5C4E-4FB2-A5B5-55B58438F5B3}
		{787B8D1C-2A66-4E6A-BBE4-D04D5A2B5609} = {CA954EE7-5C4E-4FB2-A5B5-55B58438F5B3}
		{55089E07-7419-467F-B6AC-ACEC0C277370} = {CA954EE7-5C4E-4FB2-A5B5-55B58438F5B3}
		{26F2147D-A5D2-47C6-9E24-A4EDD2ED30D4} = {579F4955-93F7-44EB-988A-1D43D2E57DF0}
		{3373951F-7B1D-4B62-A068-B764050FA9A0} = {579F4955-93F7-44EB-988A-1D43D2E57DF0}
		{602D01B8-BFA8-4F33-ABF7-86F1E75C8D0C} = {579F4955-93F7-44EB-988A-1D43D2E57DF0}
		{DC0F1445-DE21-496A-8644-5CEA94F125DF} = {579F4955-93F7-44EB-988A-1D43D2E57DF0}
		{489D834E-C0F0-44CE-A686-37A575C20BAB} = {579F4955-93F7-44EB-988A-1D43D2E57DF0}
		{AC0A5ED3-1DED-46D8-9048-9EE7A034A0F8} = {579F4955-93F7-44EB-988A-1D43D2E57DF0}
		{43AB2970-1F52-481C-905B-DBEFB260593C} = {579F4955-93F7-44EB-988A-1D43D2E57DF0}
		{0DF887E6-1278-4975-8511-70E01A6D4B73} = {579F4955-93F7-44EB-988A-1D43D2E57DF0}
		{BA4DD31D-AE18-4088-8A81-462DD68086BB} = {579F4955-93F7-44EB-988A-1D43D2E57DF0}
		{DB66CD4D-649D-4B7B-A4D4-55B836F0C92C} = {579F4955-93F7-44EB-988A-1D43D2E57DF0}
		{7116D812-ACBA-4B47-8972-10EBDC4D8359} = {579F4955-93F7-44EB-988A-1D43D2E57DF0}
		{F29806F1-67FF-487C-ABD0-ABAF52C38797} = {579F4955-93F7-44EB-988A-1D43D2E57DF0}
		{86229471-DF1B-456E-AF01-582D2BBD7296} = {579F4955-93F7-44EB-988A-1D43D2E57DF0}
		{43223715-8007-4988-8A5F-9AE8C1D42DF8} = {579F4955-93F7-44EB-988A-1D43D2E57DF0}
		{7E2DDFD3-73E0-4394-9BDC-61AF1E6F2F9B} = {99A3C21C-AE6F-4FF8-88E6-6AF3554C5F0D}
		{C2FEF990-D9C6-4E5C-BA20-44AD7088418A} = {99A3C21C-AE6F-4FF8-88E6-6AF3554C5F0D}
		{81B37240-7DC8-44E3-9E1B-F20BAF6D471C} = {99A3C21C-AE6F-4FF8-88E6-6AF3554C5F0D}
		{4900BB55-2957-4E3D-B689-DBD6B3D47747} = {99A3C21C-AE6F-4FF8-88E6-6AF3554C5F0D}
		{81ED2BB8-91BD-4ECC-8C31-20DB3B3070E9} = {6E3FCA59-A6B6-431A-A40A-9D228BBCE674}
		{2A787993-5F12-4E83-BB22-3B24797BA6BA} = {6E3FCA59-A6B6-431A-A40A-9D228BBCE674}
		{D13C6A6F-2E76-4A02-A291-97021E693204} = {6E3FCA59-A6B6-431A-A40A-9D228BBCE674}
		{215F2410-05EF-4D59-BAF8-D684B20D6EF5} = {6E3FCA59-A6B6-431A-A40A-9D228BBCE674}
		{CD5910D0-31C2-4A55-8CB8-E168AA9D2F1F} = {6E3FCA59-A6B6-431A-A40A-9D228BBCE674}
		{71D1D1DB-3AB7-4660-B69A-9B6907298A4D} = {6E3FCA59-A6B6-431A-A40A-9D228BBCE674}
		{51E0A70B-914C-43C5-B3F7-81F58CFDA906} = {6E3FCA59-A6B6-431A-A40A-9D228BBCE674}
		{451B40A3-342A-4519-8945-3DC87F905A88} = {6E3FCA59-A6B6-431A-A40A-9D228BBCE674}
		{DD150FF4-2501-41F0-979D-EFC2B2AA7DB0} = {6E3FCA59-A6B6-431A-A40A-9D228BBCE674}
		{33430575-869C-4186-8F41-8987B1D0CC2B} = {6E3FCA59-A6B6-431A-A40A-9D228BBCE674}
		{91676B36-B698-494B-BFDA-7A11E33E9D6D} = {6E3FCA59-A6B6-431A-A40A-9D228BBCE674}
		{477ED17B-3779-4C73-963E-4C0D0A368725} = {6E3FCA59-A6B6-431A-A40A-9D228BBCE674}
		{EAC65DE4-CA5F-4515-B26F-4C9D6FA1007E} = {7635F593-BC46-4F74-98C0-2B680988E6CC}
		{B0067E82-5765-4933-B3B6-180C7A1CD4F6} = {7B511FB5-3FCE-43BB-B4C6-FB56C078CD00}
		{09B2F68A-75BA-4D8B-BBC9-41CF6BFA5DE5} = {7B511FB5-3FCE-43BB-B4C6-FB56C078CD00}
		{4F1D3306-4890-43EA-A943-4DDDF0F81A7B} = {7B511FB5-3FCE-43BB-B4C6-FB56C078CD00}
		{9C778200-F617-4150-80B4-965FAD7C1B1A} = {7B511FB5-3FCE-43BB-B4C6-FB56C078CD00}
		{B4674B01-A2A8-4F63-8D29-97D69B014AB3} = {7B511FB5-3FCE-43BB-B4C6-FB56C078CD00}
		{6D8D956E-8B0B-4A6E-BB5F-991D0808365D} = {7B511FB5-3FCE-43BB-B4C6-FB56C078CD00}
		{778EF54C-FE88-4FDB-946A-A76E935BA9F1} = {83E2A36A-094B-4893-82D7-A7701D8833E0}
		{0FF90A8D-799D-4A0F-B526-49B366F40857} = {83E2A36A-094B-4893-82D7-A7701D8833E0}
		{8F5D0C14-5406-4809-BF19-2DEADF9D35EC} = {83E2A36A-094B-4893-82D7-A7701D8833E0}
	EndGlobalSection
	GlobalSection(ExtensibilityGlobals) = postSolution
		SolutionGuid = {FD1FDA2A-2AF2-413F-AB7F-3F9F26DDFB1E}
	EndGlobalSection
EndGlobal
